
Microsoft Visual Studio Solution File, Format Version 12.00
# Visual Studio Version 16
VisualStudioVersion = 16.0.30524.135
MinimumVisualStudioVersion = 10.0.40219.1
Project("{FAE04EC0-301F-11D3-BF4B-00C04F79EFBC}") = "GolfScores.Web", "GolfScores.Web\GolfScores.Web.csproj", "{4A7EE8E9-2D34-4F65-8C51-0F5375E550AF}"
EndProject
Global
	GlobalSection(SolutionConfigurationPlatforms) = preSolution
		Debug|Any CPU = Debug|Any CPU
		Release|Any CPU = Release|Any CPU
	EndGlobalSection
	GlobalSection(ProjectConfigurationPlatforms) = postSolution
		{4A7EE8E9-2D34-4F65-8C51-0F5375E550AF}.Debug|Any CPU.ActiveCfg = Debug|Any CPU
		{4A7EE8E9-2D34-4F65-8C51-0F5375E550AF}.Debug|Any CPU.Build.0 = Debug|Any CPU
		{4A7EE8E9-2D34-4F65-8C51-0F5375E550AF}.Release|Any CPU.ActiveCfg = Release|Any CPU
		{4A7EE8E9-2D34-4F65-8C51-0F5375E550AF}.Release|Any CPU.Build.0 = Release|Any CPU
	EndGlobalSection
	GlobalSection(SolutionProperties) = preSolution
		HideSolutionNode = FALSE
	EndGlobalSection
	GlobalSection(ExtensibilityGlobals) = postSolution
		SolutionGuid = {B5CA5F73-27E4-4019-A7EF-FAED8920868E}
	EndGlobalSection
EndGlobal
