
Microsoft Visual Studio Solution File, Format Version 12.00
# Visual Studio Version 16
VisualStudioVersion = 16.0.30907.101
MinimumVisualStudioVersion = 10.0.40219.1
Project("{2150E333-8FDC-42A3-9474-1A3956D46DE8}") = "Services", "Services", "{9D230271-1603-434F-BC1F-5130C41662A2}"
EndProject
Project("{2150E333-8FDC-42A3-9474-1A3956D46DE8}") = "Players", "Players", "{FF47D9C1-668A-4E61-9F06-A10EE30F2599}"
EndProject
Project("{FAE04EC0-301F-11D3-BF4B-00C04F79EFBC}") = "GolfScores.Services.Players.UnitTests", "..\GolfScores.Services.Players.UnitTests\GolfScores.Services.Players.UnitTests.csproj", "{FE012418-3CC4-4D3E-8BA3-66577D0498EA}"
EndProject
Project("{9A19103F-16F7-4668-BE54-9A1E7A4F7556}") = "GolfScores.Services.Players", "GolfScores.Services.Players.csproj", "{7FEE86DF-C7F0-4197-87DE-201A7A13BD37}"
EndProject
Global
	GlobalSection(SolutionConfigurationPlatforms) = preSolution
		Debug|Any CPU = Debug|Any CPU
		Release|Any CPU = Release|Any CPU
	EndGlobalSection
	GlobalSection(ProjectConfigurationPlatforms) = postSolution
		{FE012418-3CC4-4D3E-8BA3-66577D0498EA}.Debug|Any CPU.ActiveCfg = Debug|Any CPU
		{FE012418-3CC4-4D3E-8BA3-66577D0498EA}.Debug|Any CPU.Build.0 = Debug|Any CPU
		{FE012418-3CC4-4D3E-8BA3-66577D0498EA}.Release|Any CPU.ActiveCfg = Release|Any CPU
		{FE012418-3CC4-4D3E-8BA3-66577D0498EA}.Release|Any CPU.Build.0 = Release|Any CPU
		{7FEE86DF-C7F0-4197-87DE-201A7A13BD37}.Debug|Any CPU.ActiveCfg = Debug|Any CPU
		{7FEE86DF-C7F0-4197-87DE-201A7A13BD37}.Debug|Any CPU.Build.0 = Debug|Any CPU
		{7FEE86DF-C7F0-4197-87DE-201A7A13BD37}.Release|Any CPU.ActiveCfg = Release|Any CPU
		{7FEE86DF-C7F0-4197-87DE-201A7A13BD37}.Release|Any CPU.Build.0 = Release|Any CPU
	EndGlobalSection
	GlobalSection(SolutionProperties) = preSolution
		HideSolutionNode = FALSE
	EndGlobalSection
	GlobalSection(NestedProjects) = preSolution
		{FF47D9C1-668A-4E61-9F06-A10EE30F2599} = {9D230271-1603-434F-BC1F-5130C41662A2}
		{FE012418-3CC4-4D3E-8BA3-66577D0498EA} = {FF47D9C1-668A-4E61-9F06-A10EE30F2599}
		{7FEE86DF-C7F0-4197-87DE-201A7A13BD37} = {FF47D9C1-668A-4E61-9F06-A10EE30F2599}
	EndGlobalSection
	GlobalSection(ExtensibilityGlobals) = postSolution
		SolutionGuid = {6F710220-E313-424D-A4FE-A5CE6B915C7A}
	EndGlobalSection
EndGlobal
