
Microsoft Visual Studio Solution File, Format Version 12.00
# Visual Studio Version 16
VisualStudioVersion = 16.0.30907.101
MinimumVisualStudioVersion = 10.0.40219.1
Project("{FAE04EC0-301F-11D3-BF4B-00C04F79EFBC}") = "GolfScores.Services.Players", "GolfScores.Services.Players\GolfScores.Services.Players.csproj", "{62D8EC18-B99A-43DC-B02B-79212926F1C5}"
EndProject
Project("{2150E333-8FDC-42A3-9474-1A3956D46DE8}") = "Services", "Services", "{9D230271-1603-434F-BC1F-5130C41662A2}"
EndProject
Global
	GlobalSection(SolutionConfigurationPlatforms) = preSolution
		Debug|Any CPU = Debug|Any CPU
		Release|Any CPU = Release|Any CPU
	EndGlobalSection
	GlobalSection(ProjectConfigurationPlatforms) = postSolution
		{62D8EC18-B99A-43DC-B02B-79212926F1C5}.Debug|Any CPU.ActiveCfg = Debug|Any CPU
		{62D8EC18-B99A-43DC-B02B-79212926F1C5}.Debug|Any CPU.Build.0 = Debug|Any CPU
		{62D8EC18-B99A-43DC-B02B-79212926F1C5}.Release|Any CPU.ActiveCfg = Release|Any CPU
		{62D8EC18-B99A-43DC-B02B-79212926F1C5}.Release|Any CPU.Build.0 = Release|Any CPU
	EndGlobalSection
	GlobalSection(SolutionProperties) = preSolution
		HideSolutionNode = FALSE
	EndGlobalSection
	GlobalSection(NestedProjects) = preSolution
		{62D8EC18-B99A-43DC-B02B-79212926F1C5} = {9D230271-1603-434F-BC1F-5130C41662A2}
	EndGlobalSection
	GlobalSection(ExtensibilityGlobals) = postSolution
		SolutionGuid = {6F710220-E313-424D-A4FE-A5CE6B915C7A}
	EndGlobalSection
EndGlobal
